// !$*UTF8*$!
{
	archiveVersion = 1;
	classes = {
	};
	objectVersion = 56;
	objects = {

/* Begin PBXBuildFile section */
		CF2BEF4429D565C4005C75A6 /* Random_ProfilApp.swift in Sources */ = {isa = PBXBuildFile; fileRef = CF2BEF4329D565C4005C75A6 /* Random_ProfilApp.swift */; };
		CF2BEF4629D565C4005C75A6 /* ContentView.swift in Sources */ = {isa = PBXBuildFile; fileRef = CF2BEF4529D565C4005C75A6 /* ContentView.swift */; };
		CF2BEF4829D565C5005C75A6 /* Assets.xcassets in Resources */ = {isa = PBXBuildFile; fileRef = CF2BEF4729D565C5005C75A6 /* Assets.xcassets */; };
		CF2BEF4B29D565C5005C75A6 /* Preview Assets.xcassets in Resources */ = {isa = PBXBuildFile; fileRef = CF2BEF4A29D565C5005C75A6 /* Preview Assets.xcassets */; };
		CF2BEF5429D5679C005C75A6 /* ProfilePagerView.swift in Sources */ = {isa = PBXBuildFile; fileRef = CF2BEF5329D5679C005C75A6 /* ProfilePagerView.swift */; };
		CF2BEF5829D567DC005C75A6 /* FemaleView.swift in Sources */ = {isa = PBXBuildFile; fileRef = CF2BEF5729D567DC005C75A6 /* FemaleView.swift */; };
		CF2BEF5A29D567E4005C75A6 /* MaleView.swift in Sources */ = {isa = PBXBuildFile; fileRef = CF2BEF5929D567E4005C75A6 /* MaleView.swift */; };
		CF2BEF5D29D57731005C75A6 /* ProfilePageProtocol.swift in Sources */ = {isa = PBXBuildFile; fileRef = CF2BEF5C29D57731005C75A6 /* ProfilePageProtocol.swift */; };
		CF2BEF5F29D57801005C75A6 /* ProfilePageViewController.swift in Sources */ = {isa = PBXBuildFile; fileRef = CF2BEF5E29D57801005C75A6 /* ProfilePageViewController.swift */; };
		CF2BEF6229D58592005C75A6 /* ProfileListItemView.swift in Sources */ = {isa = PBXBuildFile; fileRef = CF2BEF6129D58592005C75A6 /* ProfileListItemView.swift */; };
		CFCECC0129D684CB00A6D5E0 /* ProfileStruct.swift in Sources */ = {isa = PBXBuildFile; fileRef = CFCECC0029D684CB00A6D5E0 /* ProfileStruct.swift */; };
		CFCECC0329D6850800A6D5E0 /* NameStruct.swift in Sources */ = {isa = PBXBuildFile; fileRef = CFCECC0229D6850800A6D5E0 /* NameStruct.swift */; };
		CFCECC0529D6858700A6D5E0 /* LocationStruct.swift in Sources */ = {isa = PBXBuildFile; fileRef = CFCECC0429D6858700A6D5E0 /* LocationStruct.swift */; };
		CFCECC0729D6873B00A6D5E0 /* LoginStruct.swift in Sources */ = {isa = PBXBuildFile; fileRef = CFCECC0629D6873B00A6D5E0 /* LoginStruct.swift */; };
		CFCECC0929D6979E00A6D5E0 /* DobStruct.swift in Sources */ = {isa = PBXBuildFile; fileRef = CFCECC0829D6979E00A6D5E0 /* DobStruct.swift */; };
		CFCECC0B29D6982000A6D5E0 /* RegisteredStruct.swift in Sources */ = {isa = PBXBuildFile; fileRef = CFCECC0A29D6982000A6D5E0 /* RegisteredStruct.swift */; };
		CFCECC0D29D6986D00A6D5E0 /* IdStruct.swift in Sources */ = {isa = PBXBuildFile; fileRef = CFCECC0C29D6986D00A6D5E0 /* IdStruct.swift */; };
		CFCECC0F29D698C000A6D5E0 /* PictureStruct.swift in Sources */ = {isa = PBXBuildFile; fileRef = CFCECC0E29D698C000A6D5E0 /* PictureStruct.swift */; };
		CFCECC1129D6998700A6D5E0 /* InfoStruct.swift in Sources */ = {isa = PBXBuildFile; fileRef = CFCECC1029D6998700A6D5E0 /* InfoStruct.swift */; };
/* End PBXBuildFile section */

/* Begin PBXFileReference section */
		CF2BEF4029D565C4005C75A6 /* Random Profil.app */ = {isa = PBXFileReference; explicitFileType = wrapper.application; includeInIndex = 0; path = "Random Profil.app"; sourceTree = BUILT_PRODUCTS_DIR; };
		CF2BEF4329D565C4005C75A6 /* Random_ProfilApp.swift */ = {isa = PBXFileReference; lastKnownFileType = sourcecode.swift; path = Random_ProfilApp.swift; sourceTree = "<group>"; };
		CF2BEF4529D565C4005C75A6 /* ContentView.swift */ = {isa = PBXFileReference; lastKnownFileType = sourcecode.swift; path = ContentView.swift; sourceTree = "<group>"; };
		CF2BEF4729D565C5005C75A6 /* Assets.xcassets */ = {isa = PBXFileReference; lastKnownFileType = folder.assetcatalog; path = Assets.xcassets; sourceTree = "<group>"; };
		CF2BEF4A29D565C5005C75A6 /* Preview Assets.xcassets */ = {isa = PBXFileReference; lastKnownFileType = folder.assetcatalog; path = "Preview Assets.xcassets"; sourceTree = "<group>"; };
		CF2BEF5329D5679C005C75A6 /* ProfilePagerView.swift */ = {isa = PBXFileReference; lastKnownFileType = sourcecode.swift; path = ProfilePagerView.swift; sourceTree = "<group>"; };
		CF2BEF5729D567DC005C75A6 /* FemaleView.swift */ = {isa = PBXFileReference; lastKnownFileType = sourcecode.swift; path = FemaleView.swift; sourceTree = "<group>"; };
		CF2BEF5929D567E4005C75A6 /* MaleView.swift */ = {isa = PBXFileReference; lastKnownFileType = sourcecode.swift; path = MaleView.swift; sourceTree = "<group>"; };
		CF2BEF5C29D57731005C75A6 /* ProfilePageProtocol.swift */ = {isa = PBXFileReference; lastKnownFileType = sourcecode.swift; path = ProfilePageProtocol.swift; sourceTree = "<group>"; };
		CF2BEF5E29D57801005C75A6 /* ProfilePageViewController.swift */ = {isa = PBXFileReference; lastKnownFileType = sourcecode.swift; path = ProfilePageViewController.swift; sourceTree = "<group>"; };
		CF2BEF6129D58592005C75A6 /* ProfileListItemView.swift */ = {isa = PBXFileReference; lastKnownFileType = sourcecode.swift; path = ProfileListItemView.swift; sourceTree = "<group>"; };
		CFCECC0029D684CB00A6D5E0 /* ProfileStruct.swift */ = {isa = PBXFileReference; lastKnownFileType = sourcecode.swift; path = ProfileStruct.swift; sourceTree = "<group>"; };
		CFCECC0229D6850800A6D5E0 /* NameStruct.swift */ = {isa = PBXFileReference; lastKnownFileType = sourcecode.swift; path = NameStruct.swift; sourceTree = "<group>"; };
		CFCECC0429D6858700A6D5E0 /* LocationStruct.swift */ = {isa = PBXFileReference; lastKnownFileType = sourcecode.swift; path = LocationStruct.swift; sourceTree = "<group>"; };
		CFCECC0629D6873B00A6D5E0 /* LoginStruct.swift */ = {isa = PBXFileReference; lastKnownFileType = sourcecode.swift; path = LoginStruct.swift; sourceTree = "<group>"; };
		CFCECC0829D6979E00A6D5E0 /* DobStruct.swift */ = {isa = PBXFileReference; lastKnownFileType = sourcecode.swift; path = DobStruct.swift; sourceTree = "<group>"; };
		CFCECC0A29D6982000A6D5E0 /* RegisteredStruct.swift */ = {isa = PBXFileReference; lastKnownFileType = sourcecode.swift; path = RegisteredStruct.swift; sourceTree = "<group>"; };
		CFCECC0C29D6986D00A6D5E0 /* IdStruct.swift */ = {isa = PBXFileReference; lastKnownFileType = sourcecode.swift; path = IdStruct.swift; sourceTree = "<group>"; };
		CFCECC0E29D698C000A6D5E0 /* PictureStruct.swift */ = {isa = PBXFileReference; lastKnownFileType = sourcecode.swift; path = PictureStruct.swift; sourceTree = "<group>"; };
		CFCECC1029D6998700A6D5E0 /* InfoStruct.swift */ = {isa = PBXFileReference; lastKnownFileType = sourcecode.swift; path = InfoStruct.swift; sourceTree = "<group>"; };
/* End PBXFileReference section */

/* Begin PBXFrameworksBuildPhase section */
		CF2BEF3D29D565C4005C75A6 /* Frameworks */ = {
			isa = PBXFrameworksBuildPhase;
			buildActionMask = 2147483647;
			files = (
			);
			runOnlyForDeploymentPostprocessing = 0;
		};
/* End PBXFrameworksBuildPhase section */

/* Begin PBXGroup section */
		CF2BEF3729D565C4005C75A6 = {
			isa = PBXGroup;
			children = (
				CF2BEF4229D565C4005C75A6 /* Random Profil */,
				CF2BEF4129D565C4005C75A6 /* Products */,
			);
			sourceTree = "<group>";
		};
		CF2BEF4129D565C4005C75A6 /* Products */ = {
			isa = PBXGroup;
			children = (
				CF2BEF4029D565C4005C75A6 /* Random Profil.app */,
			);
			name = Products;
			sourceTree = "<group>";
		};
		CF2BEF4229D565C4005C75A6 /* Random Profil */ = {
			isa = PBXGroup;
			children = (
				CF2BEF5129D5672D005C75A6 /* View */,
				CFCECBFC29D6846900A6D5E0 /* Model */,
				CF2BEF5B29D5770A005C75A6 /* Utils */,
				CF2BEF4329D565C4005C75A6 /* Random_ProfilApp.swift */,
				CF2BEF4529D565C4005C75A6 /* ContentView.swift */,
				CF2BEF4729D565C5005C75A6 /* Assets.xcassets */,
				CF2BEF4929D565C5005C75A6 /* Preview Content */,
			);
			path = "Random Profil";
			sourceTree = "<group>";
		};
		CF2BEF4929D565C5005C75A6 /* Preview Content */ = {
			isa = PBXGroup;
			children = (
				CF2BEF4A29D565C5005C75A6 /* Preview Assets.xcassets */,
			);
			path = "Preview Content";
			sourceTree = "<group>";
		};
		CF2BEF5129D5672D005C75A6 /* View */ = {
			isa = PBXGroup;
			children = (
				CF2BEF6029D58567005C75A6 /* Profile List Item */,
				CF2BEF5229D56740005C75A6 /* Profile */,
			);
			path = View;
			sourceTree = "<group>";
		};
		CF2BEF5229D56740005C75A6 /* Profile */ = {
			isa = PBXGroup;
			children = (
				CF2BEF5629D567C9005C75A6 /* FemaleView */,
				CF2BEF5529D567C1005C75A6 /* MaleView */,
				CF2BEF5329D5679C005C75A6 /* ProfilePagerView.swift */,
				CF2BEF5E29D57801005C75A6 /* ProfilePageViewController.swift */,
			);
			path = Profile;
			sourceTree = "<group>";
		};
		CF2BEF5529D567C1005C75A6 /* MaleView */ = {
			isa = PBXGroup;
			children = (
				CF2BEF5929D567E4005C75A6 /* MaleView.swift */,
			);
			path = MaleView;
			sourceTree = "<group>";
		};
		CF2BEF5629D567C9005C75A6 /* FemaleView */ = {
			isa = PBXGroup;
			children = (
				CF2BEF5729D567DC005C75A6 /* FemaleView.swift */,
			);
			path = FemaleView;
			sourceTree = "<group>";
		};
		CF2BEF5B29D5770A005C75A6 /* Utils */ = {
			isa = PBXGroup;
			children = (
				CF2BEF5C29D57731005C75A6 /* ProfilePageProtocol.swift */,
			);
			path = Utils;
			sourceTree = "<group>";
		};
		CF2BEF6029D58567005C75A6 /* Profile List Item */ = {
			isa = PBXGroup;
			children = (
				CF2BEF6129D58592005C75A6 /* ProfileListItemView.swift */,
			);
			path = "Profile List Item";
			sourceTree = "<group>";
		};
		CFCECBFC29D6846900A6D5E0 /* Model */ = {
			isa = PBXGroup;
			children = (
				CFCECBFD29D6848A00A6D5E0 /* Json */,
			);
			path = Model;
			sourceTree = "<group>";
		};
		CFCECBFD29D6848A00A6D5E0 /* Json */ = {
			isa = PBXGroup;
			children = (
				CFCECC0029D684CB00A6D5E0 /* ProfileStruct.swift */,
				CFCECC0229D6850800A6D5E0 /* NameStruct.swift */,
				CFCECC0429D6858700A6D5E0 /* LocationStruct.swift */,
				CFCECC0629D6873B00A6D5E0 /* LoginStruct.swift */,
				CFCECC0829D6979E00A6D5E0 /* DobStruct.swift */,
				CFCECC0A29D6982000A6D5E0 /* RegisteredStruct.swift */,
				CFCECC0C29D6986D00A6D5E0 /* IdStruct.swift */,
				CFCECC0E29D698C000A6D5E0 /* PictureStruct.swift */,
				CFCECC1029D6998700A6D5E0 /* InfoStruct.swift */,
			);
			path = Json;
			sourceTree = "<group>";
		};
/* End PBXGroup section */

/* Begin PBXNativeTarget section */
		CF2BEF3F29D565C4005C75A6 /* Random Profil */ = {
			isa = PBXNativeTarget;
			buildConfigurationList = CF2BEF4E29D565C5005C75A6 /* Build configuration list for PBXNativeTarget "Random Profil" */;
			buildPhases = (
				CF2BEF3C29D565C4005C75A6 /* Sources */,
				CF2BEF3D29D565C4005C75A6 /* Frameworks */,
				CF2BEF3E29D565C4005C75A6 /* Resources */,
			);
			buildRules = (
			);
			dependencies = (
			);
			name = "Random Profil";
			productName = "Random Profil";
			productReference = CF2BEF4029D565C4005C75A6 /* Random Profil.app */;
			productType = "com.apple.product-type.application";
		};
/* End PBXNativeTarget section */

/* Begin PBXProject section */
		CF2BEF3829D565C4005C75A6 /* Project object */ = {
			isa = PBXProject;
			attributes = {
				BuildIndependentTargetsInParallel = 1;
				LastSwiftUpdateCheck = 1420;
				LastUpgradeCheck = 1420;
				TargetAttributes = {
					CF2BEF3F29D565C4005C75A6 = {
						CreatedOnToolsVersion = 14.2;
					};
				};
			};
			buildConfigurationList = CF2BEF3B29D565C4005C75A6 /* Build configuration list for PBXProject "Random Profil" */;
			compatibilityVersion = "Xcode 14.0";
			developmentRegion = en;
			hasScannedForEncodings = 0;
			knownRegions = (
				en,
				Base,
			);
			mainGroup = CF2BEF3729D565C4005C75A6;
			productRefGroup = CF2BEF4129D565C4005C75A6 /* Products */;
			projectDirPath = "";
			projectRoot = "";
			targets = (
				CF2BEF3F29D565C4005C75A6 /* Random Profil */,
			);
		};
/* End PBXProject section */

/* Begin PBXResourcesBuildPhase section */
		CF2BEF3E29D565C4005C75A6 /* Resources */ = {
			isa = PBXResourcesBuildPhase;
			buildActionMask = 2147483647;
			files = (
				CF2BEF4B29D565C5005C75A6 /* Preview Assets.xcassets in Resources */,
				CF2BEF4829D565C5005C75A6 /* Assets.xcassets in Resources */,
			);
			runOnlyForDeploymentPostprocessing = 0;
		};
/* End PBXResourcesBuildPhase section */

/* Begin PBXSourcesBuildPhase section */
		CF2BEF3C29D565C4005C75A6 /* Sources */ = {
			isa = PBXSourcesBuildPhase;
			buildActionMask = 2147483647;
			files = (
				CFCECC0B29D6982000A6D5E0 /* RegisteredStruct.swift in Sources */,
				CFCECC0929D6979E00A6D5E0 /* DobStruct.swift in Sources */,
				CFCECC1129D6998700A6D5E0 /* InfoStruct.swift in Sources */,
				CF2BEF5829D567DC005C75A6 /* FemaleView.swift in Sources */,
				CF2BEF5429D5679C005C75A6 /* ProfilePagerView.swift in Sources */,
				CF2BEF4629D565C4005C75A6 /* ContentView.swift in Sources */,
				CFCECC0329D6850800A6D5E0 /* NameStruct.swift in Sources */,
				CF2BEF6229D58592005C75A6 /* ProfileListItemView.swift in Sources */,
				CF2BEF4429D565C4005C75A6 /* Random_ProfilApp.swift in Sources */,
				CF2BEF5D29D57731005C75A6 /* ProfilePageProtocol.swift in Sources */,
				CF2BEF5F29D57801005C75A6 /* ProfilePageViewController.swift in Sources */,
				CFCECC0129D684CB00A6D5E0 /* ProfileStruct.swift in Sources */,
				CFCECC0529D6858700A6D5E0 /* LocationStruct.swift in Sources */,
				CFCECC0729D6873B00A6D5E0 /* LoginStruct.swift in Sources */,
				CF2BEF5A29D567E4005C75A6 /* MaleView.swift in Sources */,
				CFCECC0D29D6986D00A6D5E0 /* IdStruct.swift in Sources */,
				CFCECC0F29D698C000A6D5E0 /* PictureStruct.swift in Sources */,
			);
			runOnlyForDeploymentPostprocessing = 0;
		};
/* End PBXSourcesBuildPhase section */

/* Begin XCBuildConfiguration section */
		CF2BEF4C29D565C5005C75A6 /* Debug */ = {
			isa = XCBuildConfiguration;
			buildSettings = {
				ALWAYS_SEARCH_USER_PATHS = NO;
				CLANG_ANALYZER_NONNULL = YES;
				CLANG_ANALYZER_NUMBER_OBJECT_CONVERSION = YES_AGGRESSIVE;
				CLANG_CXX_LANGUAGE_STANDARD = "gnu++20";
				CLANG_ENABLE_MODULES = YES;
				CLANG_ENABLE_OBJC_ARC = YES;
				CLANG_ENABLE_OBJC_WEAK = YES;
				CLANG_WARN_BLOCK_CAPTURE_AUTORELEASING = YES;
				CLANG_WARN_BOOL_CONVERSION = YES;
				CLANG_WARN_COMMA = YES;
				CLANG_WARN_CONSTANT_CONVERSION = YES;
				CLANG_WARN_DEPRECATED_OBJC_IMPLEMENTATIONS = YES;
				CLANG_WARN_DIRECT_OBJC_ISA_USAGE = YES_ERROR;
				CLANG_WARN_DOCUMENTATION_COMMENTS = YES;
				CLANG_WARN_EMPTY_BODY = YES;
				CLANG_WARN_ENUM_CONVERSION = YES;
				CLANG_WARN_INFINITE_RECURSION = YES;
				CLANG_WARN_INT_CONVERSION = YES;
				CLANG_WARN_NON_LITERAL_NULL_CONVERSION = YES;
				CLANG_WARN_OBJC_IMPLICIT_RETAIN_SELF = YES;
				CLANG_WARN_OBJC_LITERAL_CONVERSION = YES;
				CLANG_WARN_OBJC_ROOT_CLASS = YES_ERROR;
				CLANG_WARN_QUOTED_INCLUDE_IN_FRAMEWORK_HEADER = YES;
				CLANG_WARN_RANGE_LOOP_ANALYSIS = YES;
				CLANG_WARN_STRICT_PROTOTYPES = YES;
				CLANG_WARN_SUSPICIOUS_MOVE = YES;
				CLANG_WARN_UNGUARDED_AVAILABILITY = YES_AGGRESSIVE;
				CLANG_WARN_UNREACHABLE_CODE = YES;
				CLANG_WARN__DUPLICATE_METHOD_MATCH = YES;
				COPY_PHASE_STRIP = NO;
				DEBUG_INFORMATION_FORMAT = dwarf;
				ENABLE_STRICT_OBJC_MSGSEND = YES;
				ENABLE_TESTABILITY = YES;
				GCC_C_LANGUAGE_STANDARD = gnu11;
				GCC_DYNAMIC_NO_PIC = NO;
				GCC_NO_COMMON_BLOCKS = YES;
				GCC_OPTIMIZATION_LEVEL = 0;
				GCC_PREPROCESSOR_DEFINITIONS = (
					"DEBUG=1",
					"$(inherited)",
				);
				GCC_WARN_64_TO_32_BIT_CONVERSION = YES;
				GCC_WARN_ABOUT_RETURN_TYPE = YES_ERROR;
				GCC_WARN_UNDECLARED_SELECTOR = YES;
				GCC_WARN_UNINITIALIZED_AUTOS = YES_AGGRESSIVE;
				GCC_WARN_UNUSED_FUNCTION = YES;
				GCC_WARN_UNUSED_VARIABLE = YES;
				IPHONEOS_DEPLOYMENT_TARGET = 16.2;
				MTL_ENABLE_DEBUG_INFO = INCLUDE_SOURCE;
				MTL_FAST_MATH = YES;
				ONLY_ACTIVE_ARCH = YES;
				SDKROOT = iphoneos;
				SWIFT_ACTIVE_COMPILATION_CONDITIONS = DEBUG;
				SWIFT_OPTIMIZATION_LEVEL = "-Onone";
			};
			name = Debug;
		};
		CF2BEF4D29D565C5005C75A6 /* Release */ = {
			isa = XCBuildConfiguration;
			buildSettings = {
				ALWAYS_SEARCH_USER_PATHS = NO;
				CLANG_ANALYZER_NONNULL = YES;
				CLANG_ANALYZER_NUMBER_OBJECT_CONVERSION = YES_AGGRESSIVE;
				CLANG_CXX_LANGUAGE_STANDARD = "gnu++20";
				CLANG_ENABLE_MODULES = YES;
				CLANG_ENABLE_OBJC_ARC = YES;
				CLANG_ENABLE_OBJC_WEAK = YES;
				CLANG_WARN_BLOCK_CAPTURE_AUTORELEASING = YES;
				CLANG_WARN_BOOL_CONVERSION = YES;
				CLANG_WARN_COMMA = YES;
				CLANG_WARN_CONSTANT_CONVERSION = YES;
				CLANG_WARN_DEPRECATED_OBJC_IMPLEMENTATIONS = YES;
				CLANG_WARN_DIRECT_OBJC_ISA_USAGE = YES_ERROR;
				CLANG_WARN_DOCUMENTATION_COMMENTS = YES;
				CLANG_WARN_EMPTY_BODY = YES;
				CLANG_WARN_ENUM_CONVERSION = YES;
				CLANG_WARN_INFINITE_RECURSION = YES;
				CLANG_WARN_INT_CONVERSION = YES;
				CLANG_WARN_NON_LITERAL_NULL_CONVERSION = YES;
				CLANG_WARN_OBJC_IMPLICIT_RETAIN_SELF = YES;
				CLANG_WARN_OBJC_LITERAL_CONVERSION = YES;
				CLANG_WARN_OBJC_ROOT_CLASS = YES_ERROR;
				CLANG_WARN_QUOTED_INCLUDE_IN_FRAMEWORK_HEADER = YES;
				CLANG_WARN_RANGE_LOOP_ANALYSIS = YES;
				CLANG_WARN_STRICT_PROTOTYPES = YES;
				CLANG_WARN_SUSPICIOUS_MOVE = YES;
				CLANG_WARN_UNGUARDED_AVAILABILITY = YES_AGGRESSIVE;
				CLANG_WARN_UNREACHABLE_CODE = YES;
				CLANG_WARN__DUPLICATE_METHOD_MATCH = YES;
				COPY_PHASE_STRIP = NO;
				DEBUG_INFORMATION_FORMAT = "dwarf-with-dsym";
				ENABLE_NS_ASSERTIONS = NO;
				ENABLE_STRICT_OBJC_MSGSEND = YES;
				GCC_C_LANGUAGE_STANDARD = gnu11;
				GCC_NO_COMMON_BLOCKS = YES;
				GCC_WARN_64_TO_32_BIT_CONVERSION = YES;
				GCC_WARN_ABOUT_RETURN_TYPE = YES_ERROR;
				GCC_WARN_UNDECLARED_SELECTOR = YES;
				GCC_WARN_UNINITIALIZED_AUTOS = YES_AGGRESSIVE;
				GCC_WARN_UNUSED_FUNCTION = YES;
				GCC_WARN_UNUSED_VARIABLE = YES;
				IPHONEOS_DEPLOYMENT_TARGET = 16.2;
				MTL_ENABLE_DEBUG_INFO = NO;
				MTL_FAST_MATH = YES;
				SDKROOT = iphoneos;
				SWIFT_COMPILATION_MODE = wholemodule;
				SWIFT_OPTIMIZATION_LEVEL = "-O";
				VALIDATE_PRODUCT = YES;
			};
			name = Release;
		};
		CF2BEF4F29D565C5005C75A6 /* Debug */ = {
			isa = XCBuildConfiguration;
			buildSettings = {
				ASSETCATALOG_COMPILER_APPICON_NAME = AppIcon;
				ASSETCATALOG_COMPILER_GLOBAL_ACCENT_COLOR_NAME = AccentColor;
				CODE_SIGN_STYLE = Automatic;
				CURRENT_PROJECT_VERSION = 1;
				DEVELOPMENT_ASSET_PATHS = "\"Random Profil/Preview Content\"";
				DEVELOPMENT_TEAM = 6H64278R9T;
				ENABLE_PREVIEWS = YES;
				GENERATE_INFOPLIST_FILE = YES;
				INFOPLIST_KEY_UIApplicationSceneManifest_Generation = YES;
				INFOPLIST_KEY_UIApplicationSupportsIndirectInputEvents = YES;
				INFOPLIST_KEY_UILaunchScreen_Generation = YES;
				INFOPLIST_KEY_UISupportedInterfaceOrientations_iPad = "UIInterfaceOrientationPortrait UIInterfaceOrientationPortraitUpsideDown UIInterfaceOrientationLandscapeLeft UIInterfaceOrientationLandscapeRight";
				INFOPLIST_KEY_UISupportedInterfaceOrientations_iPhone = "UIInterfaceOrientationPortrait UIInterfaceOrientationLandscapeLeft UIInterfaceOrientationLandscapeRight";
				IPHONEOS_DEPLOYMENT_TARGET = 15.0;
				LD_RUNPATH_SEARCH_PATHS = (
					"$(inherited)",
					"@executable_path/Frameworks",
				);
				MARKETING_VERSION = 1.0;
				PRODUCT_BUNDLE_IDENTIFIER = "starlight.jaehwa.Random-Profil";
				PRODUCT_NAME = "$(TARGET_NAME)";
				SWIFT_EMIT_LOC_STRINGS = YES;
				SWIFT_VERSION = 5.0;
				TARGETED_DEVICE_FAMILY = "1,2";
			};
			name = Debug;
		};
		CF2BEF5029D565C5005C75A6 /* Release */ = {
			isa = XCBuildConfiguration;
			buildSettings = {
				ASSETCATALOG_COMPILER_APPICON_NAME = AppIcon;
				ASSETCATALOG_COMPILER_GLOBAL_ACCENT_COLOR_NAME = AccentColor;
				CODE_SIGN_STYLE = Automatic;
				CURRENT_PROJECT_VERSION = 1;
				DEVELOPMENT_ASSET_PATHS = "\"Random Profil/Preview Content\"";
				DEVELOPMENT_TEAM = 6H64278R9T;
				ENABLE_PREVIEWS = YES;
				GENERATE_INFOPLIST_FILE = YES;
				INFOPLIST_KEY_UIApplicationSceneManifest_Generation = YES;
				INFOPLIST_KEY_UIApplicationSupportsIndirectInputEvents = YES;
				INFOPLIST_KEY_UILaunchScreen_Generation = YES;
				INFOPLIST_KEY_UISupportedInterfaceOrientations_iPad = "UIInterfaceOrientationPortrait UIInterfaceOrientationPortraitUpsideDown UIInterfaceOrientationLandscapeLeft UIInterfaceOrientationLandscapeRight";
				INFOPLIST_KEY_UISupportedInterfaceOrientations_iPhone = "UIInterfaceOrientationPortrait UIInterfaceOrientationLandscapeLeft UIInterfaceOrientationLandscapeRight";
				IPHONEOS_DEPLOYMENT_TARGET = 15.0;
				LD_RUNPATH_SEARCH_PATHS = (
					"$(inherited)",
					"@executable_path/Frameworks",
				);
				MARKETING_VERSION = 1.0;
				PRODUCT_BUNDLE_IDENTIFIER = "starlight.jaehwa.Random-Profil";
				PRODUCT_NAME = "$(TARGET_NAME)";
				SWIFT_EMIT_LOC_STRINGS = YES;
				SWIFT_VERSION = 5.0;
				TARGETED_DEVICE_FAMILY = "1,2";
			};
			name = Release;
		};
/* End XCBuildConfiguration section */

/* Begin XCConfigurationList section */
		CF2BEF3B29D565C4005C75A6 /* Build configuration list for PBXProject "Random Profil" */ = {
			isa = XCConfigurationList;
			buildConfigurations = (
				CF2BEF4C29D565C5005C75A6 /* Debug */,
				CF2BEF4D29D565C5005C75A6 /* Release */,
			);
			defaultConfigurationIsVisible = 0;
			defaultConfigurationName = Release;
		};
		CF2BEF4E29D565C5005C75A6 /* Build configuration list for PBXNativeTarget "Random Profil" */ = {
			isa = XCConfigurationList;
			buildConfigurations = (
				CF2BEF4F29D565C5005C75A6 /* Debug */,
				CF2BEF5029D565C5005C75A6 /* Release */,
			);
			defaultConfigurationIsVisible = 0;
			defaultConfigurationName = Release;
		};
/* End XCConfigurationList section */
	};
	rootObject = CF2BEF3829D565C4005C75A6 /* Project object */;
}
